<?xml version="1.0" encoding="UTF-8" standalone="yes" ?>
<CodeBlocks_project_file>
	<FileVersion major="1" minor="6" />
	<Project>
		<Option title="Addr2LineUI Windows" />
		<Option compiler="gcc" />
		<Build>
			<Target title="default">
				<Option platforms="Windows;" />
				<Option output="../../devel$(WX_VER)/Addr2LineUI" prefix_auto="1" extension_auto="1" />
				<Option working_dir="../../devel$(WX_VER)" />
				<Option object_output="../../.objs$(WX_VER)/tools/Addr2LineUI" />
				<Option type="0" />
				<Option compiler="gcc" />
				<Option projectLinkerOptionsRelation="2" />
				<Compiler>
					<Add option="-O2" />
					<Add option="$(#CB_BUILD.CFLAGS)" />
					<Add option="-std=$(#CB_BUILD.CPP_STD)" />
				</Compiler>
				<Linker>
					<Add option="-s" />
				</Linker>
			</Target>
			<Environment>
				<Variable name="WX_VER" value="$(#WXWIDGETS.WX_VERSION)_$(#CB_BUILD.OSBITS)" />
			</Environment>
		</Build>
		<VirtualTargets>
			<Add alias="All" targets="default;" />
		</VirtualTargets>
		<Compiler>
			<Add option="-Wall" />
			<Add option="-pipe" />
			<Add option="-mthreads" />
			<Add option="-m$(#CB_BUILD.OSBITS)" />
			<Add option="-D__GNUWIN32__" />
			<Add option="-D__WXMSW__" />
			<Add option="-DWXUSINGDLL" />
			<Add option="-DwxUSE_UNICODE" />
			<Add option="-D_WIN$(#CB_BUILD.OSBITS)" />
			<Add option="$(#CB_BUILD.CFLAGS)" />
			<Add option="-std=$(#CB_BUILD.CPP_STD)" />
			<Add directory="$(#WXWIDGETS.include)" />
			<Add directory="$(#WXWIDGETS.lib)/gcc_dll$(#WXWIDGETS.WX_CFG)/msw$(#WXWIDGETS.WX_SUFFIX)" />
		</Compiler>
		<ResourceCompiler>
			<Add directory="$(#WXWIDGETS.include)" />
			<Add directory="$(#WXWIDGETS.lib)/gcc_dll$(#WXWIDGETS.WX_CFG)/msw$(#WXWIDGETS.WX_SUFFIX)" />
		</ResourceCompiler>
		<Linker>
			<Add option="-mthreads" />
			<Add library="wxmsw$(#WXWIDGETS.WX_VERSION)$(#WXWIDGETS.WX_SUFFIX)" />
			<Add directory="$(#WXWIDGETS.lib)/gcc_dll$(#WXWIDGETS.WX_CFG)" />
		</Linker>
		<Unit filename="Addr2LineUIApp.cpp" />
		<Unit filename="Addr2LineUIApp.h" />
		<Unit filename="Addr2LineUIMain.cpp" />
		<Unit filename="Addr2LineUIMain.h" />
		<Unit filename="resource.rc">
			<Option compilerVar="WINDRES" />
		</Unit>
		<Unit filename="wxsmith/Addr2LineUIDialog.wxs" />
		<Extensions>
			<lib_finder disable_auto="1" />
			<wxsmith version="1">
				<gui name="wxWidgets" src="Addr2LineUIApp.cpp" main="Addr2LineUIDialog" init_handlers="necessary" language="CPP" />
				<resources>
					<wxDialog wxs="wxsmith/Addr2LineUIDialog.wxs" src="Addr2LineUIMain.cpp" hdr="Addr2LineUIMain.h" fwddecl="0" i18n="1" name="Addr2LineUIDialog" language="CPP" />
				</resources>
			</wxsmith>
		</Extensions>
	</Project>
</CodeBlocks_project_file>
